
Microsoft Visual Studio Solution File, Format Version 12.00
# Visual Studio Version 17
VisualStudioVersion = 17.2.32526.322
MinimumVisualStudioVersion = 10.0.40219.1
Project("{9A19103F-16F7-4668-BE54-9A1E7A4F7556}") = "Take_Home", "Lemax-Take_Home\Take_Home.csproj", "{78BC39CA-2F00-44F8-A469-E7A59FCB0E47}"
EndProject
Project("{9A19103F-16F7-4668-BE54-9A1E7A4F7556}") = "Take_Home.Model", "Take_Home.Model\Take_Home.Model.csproj", "{D7626FB5-73FF-4670-84C1-69A1047A975D}"
EndProject
Project("{9A19103F-16F7-4668-BE54-9A1E7A4F7556}") = "Take_Home.DAL.Interfaces", "Take_Home.DAL.Interfaces\Take_Home.DAL.Interfaces.csproj", "{6617FA6B-9205-4C5A-BAEE-2AD1CD85E1AC}"
EndProject
Project("{9A19103F-16F7-4668-BE54-9A1E7A4F7556}") = "Take_Home.DAL.InMemory", "Take_Home.DAL.InMemory\Take_Home.DAL.InMemory.csproj", "{85BAA69F-6D84-486A-AA55-4C568256A319}"
EndProject
Project("{9A19103F-16F7-4668-BE54-9A1E7A4F7556}") = "Take_Home.DAL.InMemory.Tests", "Take_Home.DAL.InMemory.Tests\Take_Home.DAL.InMemory.Tests.csproj", "{19211AF5-170C-4CB1-BD7E-78A9EE6B555C}"
EndProject
Project("{FAE04EC0-301F-11D3-BF4B-00C04F79EFBC}") = "Take_Home.DTL", "Take_Home.DTL\Take_Home.DTL.csproj", "{2C0D9DD6-E03A-40EC-8211-A6EECC572488}"
EndProject
Project("{FAE04EC0-301F-11D3-BF4B-00C04F79EFBC}") = "Take_Home.Services.Interfaces", "Take_Home.Services.Interfaces\Take_Home.Services.Interfaces.csproj", "{F67B0AE0-6529-46B7-8158-247CBEEF358C}"
EndProject
Project("{FAE04EC0-301F-11D3-BF4B-00C04F79EFBC}") = "Take_Home.Exceptions", "Take_Home.Exceptions\Take_Home.Exceptions.csproj", "{AB0D8F74-95A9-4B72-AC90-0382A3B8257C}"
EndProject
Project("{FAE04EC0-301F-11D3-BF4B-00C04F79EFBC}") = "Take_Home.Services", "Take_Home.Services\Take_Home.Services.csproj", "{60927C94-D202-435A-BF02-2C5F2F493C37}"
EndProject
Project("{FAE04EC0-301F-11D3-BF4B-00C04F79EFBC}") = "Take_Home.Services.Tests", "Take_Home.Services.Tests\Take_Home.Services.Tests.csproj", "{B2FC157B-A6B2-471D-BBFB-99BF35C778C5}"
EndProject
Project("{FAE04EC0-301F-11D3-BF4B-00C04F79EFBC}") = "Take_Home.Tests", "Take_Home.Tests\Take_Home.Tests.csproj", "{A76DD232-44A4-41A6-A550-E212DD8A7199}"
EndProject
Project("{FAE04EC0-301F-11D3-BF4B-00C04F79EFBC}") = "GeoSpatiaLib", "GeoSpatiaLIB\GeoSpatiaLib.csproj", "{768B3DD0-50CE-4CEF-8038-2E0F0EFA55ED}"
EndProject
Project("{FAE04EC0-301F-11D3-BF4B-00C04F79EFBC}") = "GeoSpatialLibTests", "GeoSpatialLibTests\GeoSpatialLibTests.csproj", "{78BCC46D-55C1-4202-B71E-3674DFF38BE8}"
EndProject
Global
	GlobalSection(SolutionConfigurationPlatforms) = preSolution
		Debug|Any CPU = Debug|Any CPU
		Release|Any CPU = Release|Any CPU
	EndGlobalSection
	GlobalSection(ProjectConfigurationPlatforms) = postSolution
		{78BC39CA-2F00-44F8-A469-E7A59FCB0E47}.Debug|Any CPU.ActiveCfg = Debug|Any CPU
		{78BC39CA-2F00-44F8-A469-E7A59FCB0E47}.Debug|Any CPU.Build.0 = Debug|Any CPU
		{78BC39CA-2F00-44F8-A469-E7A59FCB0E47}.Release|Any CPU.ActiveCfg = Release|Any CPU
		{78BC39CA-2F00-44F8-A469-E7A59FCB0E47}.Release|Any CPU.Build.0 = Release|Any CPU
		{D7626FB5-73FF-4670-84C1-69A1047A975D}.Debug|Any CPU.ActiveCfg = Debug|Any CPU
		{D7626FB5-73FF-4670-84C1-69A1047A975D}.Debug|Any CPU.Build.0 = Debug|Any CPU
		{D7626FB5-73FF-4670-84C1-69A1047A975D}.Release|Any CPU.ActiveCfg = Release|Any CPU
		{D7626FB5-73FF-4670-84C1-69A1047A975D}.Release|Any CPU.Build.0 = Release|Any CPU
		{6617FA6B-9205-4C5A-BAEE-2AD1CD85E1AC}.Debug|Any CPU.ActiveCfg = Debug|Any CPU
		{6617FA6B-9205-4C5A-BAEE-2AD1CD85E1AC}.Debug|Any CPU.Build.0 = Debug|Any CPU
		{6617FA6B-9205-4C5A-BAEE-2AD1CD85E1AC}.Release|Any CPU.ActiveCfg = Release|Any CPU
		{6617FA6B-9205-4C5A-BAEE-2AD1CD85E1AC}.Release|Any CPU.Build.0 = Release|Any CPU
		{85BAA69F-6D84-486A-AA55-4C568256A319}.Debug|Any CPU.ActiveCfg = Debug|Any CPU
		{85BAA69F-6D84-486A-AA55-4C568256A319}.Debug|Any CPU.Build.0 = Debug|Any CPU
		{85BAA69F-6D84-486A-AA55-4C568256A319}.Release|Any CPU.ActiveCfg = Release|Any CPU
		{85BAA69F-6D84-486A-AA55-4C568256A319}.Release|Any CPU.Build.0 = Release|Any CPU
		{19211AF5-170C-4CB1-BD7E-78A9EE6B555C}.Debug|Any CPU.ActiveCfg = Debug|Any CPU
		{19211AF5-170C-4CB1-BD7E-78A9EE6B555C}.Debug|Any CPU.Build.0 = Debug|Any CPU
		{19211AF5-170C-4CB1-BD7E-78A9EE6B555C}.Release|Any CPU.ActiveCfg = Release|Any CPU
		{19211AF5-170C-4CB1-BD7E-78A9EE6B555C}.Release|Any CPU.Build.0 = Release|Any CPU
		{2C0D9DD6-E03A-40EC-8211-A6EECC572488}.Debug|Any CPU.ActiveCfg = Debug|Any CPU
		{2C0D9DD6-E03A-40EC-8211-A6EECC572488}.Debug|Any CPU.Build.0 = Debug|Any CPU
		{2C0D9DD6-E03A-40EC-8211-A6EECC572488}.Release|Any CPU.ActiveCfg = Release|Any CPU
		{2C0D9DD6-E03A-40EC-8211-A6EECC572488}.Release|Any CPU.Build.0 = Release|Any CPU
		{F67B0AE0-6529-46B7-8158-247CBEEF358C}.Debug|Any CPU.ActiveCfg = Debug|Any CPU
		{F67B0AE0-6529-46B7-8158-247CBEEF358C}.Debug|Any CPU.Build.0 = Debug|Any CPU
		{F67B0AE0-6529-46B7-8158-247CBEEF358C}.Release|Any CPU.ActiveCfg = Release|Any CPU
		{F67B0AE0-6529-46B7-8158-247CBEEF358C}.Release|Any CPU.Build.0 = Release|Any CPU
		{AB0D8F74-95A9-4B72-AC90-0382A3B8257C}.Debug|Any CPU.ActiveCfg = Debug|Any CPU
		{AB0D8F74-95A9-4B72-AC90-0382A3B8257C}.Debug|Any CPU.Build.0 = Debug|Any CPU
		{AB0D8F74-95A9-4B72-AC90-0382A3B8257C}.Release|Any CPU.ActiveCfg = Release|Any CPU
		{AB0D8F74-95A9-4B72-AC90-0382A3B8257C}.Release|Any CPU.Build.0 = Release|Any CPU
		{60927C94-D202-435A-BF02-2C5F2F493C37}.Debug|Any CPU.ActiveCfg = Debug|Any CPU
		{60927C94-D202-435A-BF02-2C5F2F493C37}.Debug|Any CPU.Build.0 = Debug|Any CPU
		{60927C94-D202-435A-BF02-2C5F2F493C37}.Release|Any CPU.ActiveCfg = Release|Any CPU
		{60927C94-D202-435A-BF02-2C5F2F493C37}.Release|Any CPU.Build.0 = Release|Any CPU
		{B2FC157B-A6B2-471D-BBFB-99BF35C778C5}.Debug|Any CPU.ActiveCfg = Debug|Any CPU
		{B2FC157B-A6B2-471D-BBFB-99BF35C778C5}.Debug|Any CPU.Build.0 = Debug|Any CPU
		{B2FC157B-A6B2-471D-BBFB-99BF35C778C5}.Release|Any CPU.ActiveCfg = Release|Any CPU
		{B2FC157B-A6B2-471D-BBFB-99BF35C778C5}.Release|Any CPU.Build.0 = Release|Any CPU
		{A76DD232-44A4-41A6-A550-E212DD8A7199}.Debug|Any CPU.ActiveCfg = Debug|Any CPU
		{A76DD232-44A4-41A6-A550-E212DD8A7199}.Debug|Any CPU.Build.0 = Debug|Any CPU
		{A76DD232-44A4-41A6-A550-E212DD8A7199}.Release|Any CPU.ActiveCfg = Release|Any CPU
		{A76DD232-44A4-41A6-A550-E212DD8A7199}.Release|Any CPU.Build.0 = Release|Any CPU
		{768B3DD0-50CE-4CEF-8038-2E0F0EFA55ED}.Debug|Any CPU.ActiveCfg = Debug|Any CPU
		{768B3DD0-50CE-4CEF-8038-2E0F0EFA55ED}.Debug|Any CPU.Build.0 = Debug|Any CPU
		{768B3DD0-50CE-4CEF-8038-2E0F0EFA55ED}.Release|Any CPU.ActiveCfg = Release|Any CPU
		{768B3DD0-50CE-4CEF-8038-2E0F0EFA55ED}.Release|Any CPU.Build.0 = Release|Any CPU
		{78BCC46D-55C1-4202-B71E-3674DFF38BE8}.Debug|Any CPU.ActiveCfg = Debug|Any CPU
		{78BCC46D-55C1-4202-B71E-3674DFF38BE8}.Debug|Any CPU.Build.0 = Debug|Any CPU
		{78BCC46D-55C1-4202-B71E-3674DFF38BE8}.Release|Any CPU.ActiveCfg = Release|Any CPU
		{78BCC46D-55C1-4202-B71E-3674DFF38BE8}.Release|Any CPU.Build.0 = Release|Any CPU
	EndGlobalSection
	GlobalSection(SolutionProperties) = preSolution
		HideSolutionNode = FALSE
	EndGlobalSection
	GlobalSection(ExtensibilityGlobals) = postSolution
		SolutionGuid = {33844913-763D-4E65-B891-941360D2B80F}
	EndGlobalSection
EndGlobal
